// !$*UTF8*$!
{
	archiveVersion = 1;
	classes = {
	};
	objectVersion = 51;
	objects = {

/* Begin PBXBuildFile section */
		C4452A29D8CECB437CD217D9 /* Pods_RxSwiftNews.framework in Frameworks */ = {isa = PBXBuildFile; fileRef = A66D61EE00CA0094A3189D4A /* Pods_RxSwiftNews.framework */; };
		CEECC10026C29E3400157498 /* AppDelegate.swift in Sources */ = {isa = PBXBuildFile; fileRef = CEECC0FF26C29E3400157498 /* AppDelegate.swift */; };
		CEECC10226C29E3400157498 /* SceneDelegate.swift in Sources */ = {isa = PBXBuildFile; fileRef = CEECC10126C29E3400157498 /* SceneDelegate.swift */; };
		CEECC10726C29E3400157498 /* Main.storyboard in Resources */ = {isa = PBXBuildFile; fileRef = CEECC10526C29E3400157498 /* Main.storyboard */; };
		CEECC10926C29E3900157498 /* Assets.xcassets in Resources */ = {isa = PBXBuildFile; fileRef = CEECC10826C29E3900157498 /* Assets.xcassets */; };
		CEECC10C26C29E3900157498 /* LaunchScreen.storyboard in Resources */ = {isa = PBXBuildFile; fileRef = CEECC10A26C29E3900157498 /* LaunchScreen.storyboard */; };
		CEECC11426C29F5500157498 /* NewsTableViewController.swift in Sources */ = {isa = PBXBuildFile; fileRef = CEECC11326C29F5500157498 /* NewsTableViewController.swift */; };
		CEECC11726C2AE0D00157498 /* News.swift in Sources */ = {isa = PBXBuildFile; fileRef = CEECC11626C2AE0D00157498 /* News.swift */; };
		CEECC11A26C2B29000157498 /* NewsTableViewCell.swift in Sources */ = {isa = PBXBuildFile; fileRef = CEECC11926C2B29000157498 /* NewsTableViewCell.swift */; };
		CEECC11C26C2B5E000157498 /* URLRequest+Extensions.swift in Sources */ = {isa = PBXBuildFile; fileRef = CEECC11B26C2B5E000157498 /* URLRequest+Extensions.swift */; };
		CEECC14726C66FDC00157498 /* NewsViewModel.swift in Sources */ = {isa = PBXBuildFile; fileRef = CEECC14626C66FDC00157498 /* NewsViewModel.swift */; };
/* End PBXBuildFile section */

/* Begin PBXFileReference section */
		799F63C3BFEBF4B263770AD0 /* Pods-RxSwiftNews.debug.xcconfig */ = {isa = PBXFileReference; includeInIndex = 1; lastKnownFileType = text.xcconfig; name = "Pods-RxSwiftNews.debug.xcconfig"; path = "Target Support Files/Pods-RxSwiftNews/Pods-RxSwiftNews.debug.xcconfig"; sourceTree = "<group>"; };
		84164E46B141816AEA0F9BCC /* Pods-RxSwiftNews.release.xcconfig */ = {isa = PBXFileReference; includeInIndex = 1; lastKnownFileType = text.xcconfig; name = "Pods-RxSwiftNews.release.xcconfig"; path = "Target Support Files/Pods-RxSwiftNews/Pods-RxSwiftNews.release.xcconfig"; sourceTree = "<group>"; };
		A66D61EE00CA0094A3189D4A /* Pods_RxSwiftNews.framework */ = {isa = PBXFileReference; explicitFileType = wrapper.framework; includeInIndex = 0; path = Pods_RxSwiftNews.framework; sourceTree = BUILT_PRODUCTS_DIR; };
		CEECC0FC26C29E3400157498 /* RxSwiftNews.app */ = {isa = PBXFileReference; explicitFileType = wrapper.application; includeInIndex = 0; path = RxSwiftNews.app; sourceTree = BUILT_PRODUCTS_DIR; };
		CEECC0FF26C29E3400157498 /* AppDelegate.swift */ = {isa = PBXFileReference; lastKnownFileType = sourcecode.swift; path = AppDelegate.swift; sourceTree = "<group>"; };
		CEECC10126C29E3400157498 /* SceneDelegate.swift */ = {isa = PBXFileReference; lastKnownFileType = sourcecode.swift; path = SceneDelegate.swift; sourceTree = "<group>"; };
		CEECC10626C29E3400157498 /* Base */ = {isa = PBXFileReference; lastKnownFileType = file.storyboard; name = Base; path = Base.lproj/Main.storyboard; sourceTree = "<group>"; };
		CEECC10826C29E3900157498 /* Assets.xcassets */ = {isa = PBXFileReference; lastKnownFileType = folder.assetcatalog; path = Assets.xcassets; sourceTree = "<group>"; };
		CEECC10B26C29E3900157498 /* Base */ = {isa = PBXFileReference; lastKnownFileType = file.storyboard; name = Base; path = Base.lproj/LaunchScreen.storyboard; sourceTree = "<group>"; };
		CEECC10D26C29E3900157498 /* Info.plist */ = {isa = PBXFileReference; lastKnownFileType = text.plist.xml; path = Info.plist; sourceTree = "<group>"; };
		CEECC11326C29F5500157498 /* NewsTableViewController.swift */ = {isa = PBXFileReference; lastKnownFileType = sourcecode.swift; path = NewsTableViewController.swift; sourceTree = "<group>"; };
		CEECC11626C2AE0D00157498 /* News.swift */ = {isa = PBXFileReference; lastKnownFileType = sourcecode.swift; path = News.swift; sourceTree = "<group>"; };
		CEECC11926C2B29000157498 /* NewsTableViewCell.swift */ = {isa = PBXFileReference; lastKnownFileType = sourcecode.swift; path = NewsTableViewCell.swift; sourceTree = "<group>"; };
		CEECC11B26C2B5E000157498 /* URLRequest+Extensions.swift */ = {isa = PBXFileReference; lastKnownFileType = sourcecode.swift; path = "URLRequest+Extensions.swift"; sourceTree = "<group>"; };
		CEECC14626C66FDC00157498 /* NewsViewModel.swift */ = {isa = PBXFileReference; lastKnownFileType = sourcecode.swift; path = NewsViewModel.swift; sourceTree = "<group>"; };
/* End PBXFileReference section */

/* Begin PBXFrameworksBuildPhase section */
		CEECC0F926C29E3400157498 /* Frameworks */ = {
			isa = PBXFrameworksBuildPhase;
			buildActionMask = 2147483647;
			files = (
				C4452A29D8CECB437CD217D9 /* Pods_RxSwiftNews.framework in Frameworks */,
			);
			runOnlyForDeploymentPostprocessing = 0;
		};
/* End PBXFrameworksBuildPhase section */

/* Begin PBXGroup section */
		2663D5307B9408F99F337CEE /* Pods */ = {
			isa = PBXGroup;
			children = (
				799F63C3BFEBF4B263770AD0 /* Pods-RxSwiftNews.debug.xcconfig */,
				84164E46B141816AEA0F9BCC /* Pods-RxSwiftNews.release.xcconfig */,
			);
			path = Pods;
			sourceTree = "<group>";
		};
		3D7805F07B165D20CAD2E639 /* Frameworks */ = {
			isa = PBXGroup;
			children = (
				A66D61EE00CA0094A3189D4A /* Pods_RxSwiftNews.framework */,
			);
			name = Frameworks;
			sourceTree = "<group>";
		};
		CEECC0F326C29E3400157498 = {
			isa = PBXGroup;
			children = (
				CEECC0FE26C29E3400157498 /* RxSwiftNews */,
				CEECC0FD26C29E3400157498 /* Products */,
				2663D5307B9408F99F337CEE /* Pods */,
				3D7805F07B165D20CAD2E639 /* Frameworks */,
			);
			sourceTree = "<group>";
		};
		CEECC0FD26C29E3400157498 /* Products */ = {
			isa = PBXGroup;
			children = (
				CEECC0FC26C29E3400157498 /* RxSwiftNews.app */,
			);
			name = Products;
			sourceTree = "<group>";
		};
		CEECC0FE26C29E3400157498 /* RxSwiftNews */ = {
			isa = PBXGroup;
			children = (
				CEECC11B26C2B5E000157498 /* URLRequest+Extensions.swift */,
				CEECC14526C66F9600157498 /* ViewModels */,
				CEECC11526C2ADF000157498 /* Models */,
				CEECC14826C67F2800157498 /* Controllers */,
				CEECC11826C2B26D00157498 /* Cells */,
				CEECC0FF26C29E3400157498 /* AppDelegate.swift */,
				CEECC10126C29E3400157498 /* SceneDelegate.swift */,
				CEECC10526C29E3400157498 /* Main.storyboard */,
				CEECC10826C29E3900157498 /* Assets.xcassets */,
				CEECC10A26C29E3900157498 /* LaunchScreen.storyboard */,
				CEECC10D26C29E3900157498 /* Info.plist */,
			);
			path = RxSwiftNews;
			sourceTree = "<group>";
		};
		CEECC11526C2ADF000157498 /* Models */ = {
			isa = PBXGroup;
			children = (
				CEECC11626C2AE0D00157498 /* News.swift */,
			);
			path = Models;
			sourceTree = "<group>";
		};
		CEECC11826C2B26D00157498 /* Cells */ = {
			isa = PBXGroup;
			children = (
				CEECC11926C2B29000157498 /* NewsTableViewCell.swift */,
			);
			path = Cells;
			sourceTree = "<group>";
		};
		CEECC14526C66F9600157498 /* ViewModels */ = {
			isa = PBXGroup;
			children = (
				CEECC14626C66FDC00157498 /* NewsViewModel.swift */,
			);
			path = ViewModels;
			sourceTree = "<group>";
		};
		CEECC14826C67F2800157498 /* Controllers */ = {
			isa = PBXGroup;
			children = (
				CEECC11326C29F5500157498 /* NewsTableViewController.swift */,
			);
			path = Controllers;
			sourceTree = "<group>";
		};
/* End PBXGroup section */

/* Begin PBXNativeTarget section */
		CEECC0FB26C29E3400157498 /* RxSwiftNews */ = {
			isa = PBXNativeTarget;
			buildConfigurationList = CEECC11026C29E3900157498 /* Build configuration list for PBXNativeTarget "RxSwiftNews" */;
			buildPhases = (
				71ACD3266C1A0A577F35CD3F /* [CP] Check Pods Manifest.lock */,
				CEECC0F826C29E3400157498 /* Sources */,
				CEECC0F926C29E3400157498 /* Frameworks */,
				CEECC0FA26C29E3400157498 /* Resources */,
				AA15055F88FD5AC86732A9C4 /* [CP] Embed Pods Frameworks */,
			);
			buildRules = (
			);
			dependencies = (
			);
			name = RxSwiftNews;
			productName = RxSwiftNews;
			productReference = CEECC0FC26C29E3400157498 /* RxSwiftNews.app */;
			productType = "com.apple.product-type.application";
		};
/* End PBXNativeTarget section */

/* Begin PBXProject section */
		CEECC0F426C29E3400157498 /* Project object */ = {
			isa = PBXProject;
			attributes = {
				LastSwiftUpdateCheck = 1250;
				LastUpgradeCheck = 1250;
				TargetAttributes = {
					CEECC0FB26C29E3400157498 = {
						CreatedOnToolsVersion = 12.5.1;
					};
				};
			};
			buildConfigurationList = CEECC0F726C29E3400157498 /* Build configuration list for PBXProject "RxSwiftNews" */;
			compatibilityVersion = "Xcode 9.3";
			developmentRegion = en;
			hasScannedForEncodings = 0;
			knownRegions = (
				en,
				Base,
			);
			mainGroup = CEECC0F326C29E3400157498;
			productRefGroup = CEECC0FD26C29E3400157498 /* Products */;
			projectDirPath = "";
			projectRoot = "";
			targets = (
				CEECC0FB26C29E3400157498 /* RxSwiftNews */,
			);
		};
/* End PBXProject section */

/* Begin PBXResourcesBuildPhase section */
		CEECC0FA26C29E3400157498 /* Resources */ = {
			isa = PBXResourcesBuildPhase;
			buildActionMask = 2147483647;
			files = (
				CEECC10C26C29E3900157498 /* LaunchScreen.storyboard in Resources */,
				CEECC10926C29E3900157498 /* Assets.xcassets in Resources */,
				CEECC10726C29E3400157498 /* Main.storyboard in Resources */,
			);
			runOnlyForDeploymentPostprocessing = 0;
		};
/* End PBXResourcesBuildPhase section */

/* Begin PBXShellScriptBuildPhase section */
		71ACD3266C1A0A577F35CD3F /* [CP] Check Pods Manifest.lock */ = {
			isa = PBXShellScriptBuildPhase;
			buildActionMask = 2147483647;
			files = (
			);
			inputFileListPaths = (
			);
			inputPaths = (
				"${PODS_PODFILE_DIR_PATH}/Podfile.lock",
				"${PODS_ROOT}/Manifest.lock",
			);
			name = "[CP] Check Pods Manifest.lock";
			outputFileListPaths = (
			);
			outputPaths = (
				"$(DERIVED_FILE_DIR)/Pods-RxSwiftNews-checkManifestLockResult.txt",
			);
			runOnlyForDeploymentPostprocessing = 0;
			shellPath = /bin/sh;
			shellScript = "diff \"${PODS_PODFILE_DIR_PATH}/Podfile.lock\" \"${PODS_ROOT}/Manifest.lock\" > /dev/null\nif [ $? != 0 ] ; then\n    # print error to STDERR\n    echo \"error: The sandbox is not in sync with the Podfile.lock. Run 'pod install' or update your CocoaPods installation.\" >&2\n    exit 1\nfi\n# This output is used by Xcode 'outputs' to avoid re-running this script phase.\necho \"SUCCESS\" > \"${SCRIPT_OUTPUT_FILE_0}\"\n";
			showEnvVarsInLog = 0;
		};
		AA15055F88FD5AC86732A9C4 /* [CP] Embed Pods Frameworks */ = {
			isa = PBXShellScriptBuildPhase;
			buildActionMask = 2147483647;
			files = (
			);
			inputFileListPaths = (
				"${PODS_ROOT}/Target Support Files/Pods-RxSwiftNews/Pods-RxSwiftNews-frameworks-${CONFIGURATION}-input-files.xcfilelist",
			);
			name = "[CP] Embed Pods Frameworks";
			outputFileListPaths = (
				"${PODS_ROOT}/Target Support Files/Pods-RxSwiftNews/Pods-RxSwiftNews-frameworks-${CONFIGURATION}-output-files.xcfilelist",
			);
			runOnlyForDeploymentPostprocessing = 0;
			shellPath = /bin/sh;
			shellScript = "\"${PODS_ROOT}/Target Support Files/Pods-RxSwiftNews/Pods-RxSwiftNews-frameworks.sh\"\n";
			showEnvVarsInLog = 0;
		};
/* End PBXShellScriptBuildPhase section */

/* Begin PBXSourcesBuildPhase section */
		CEECC0F826C29E3400157498 /* Sources */ = {
			isa = PBXSourcesBuildPhase;
			buildActionMask = 2147483647;
			files = (
				CEECC11A26C2B29000157498 /* NewsTableViewCell.swift in Sources */,
				CEECC11726C2AE0D00157498 /* News.swift in Sources */,
				CEECC10026C29E3400157498 /* AppDelegate.swift in Sources */,
				CEECC11C26C2B5E000157498 /* URLRequest+Extensions.swift in Sources */,
				CEECC14726C66FDC00157498 /* NewsViewModel.swift in Sources */,
				CEECC10226C29E3400157498 /* SceneDelegate.swift in Sources */,
				CEECC11426C29F5500157498 /* NewsTableViewController.swift in Sources */,
			);
			runOnlyForDeploymentPostprocessing = 0;
		};
/* End PBXSourcesBuildPhase section */

/* Begin PBXVariantGroup section */
		CEECC10526C29E3400157498 /* Main.storyboard */ = {
			isa = PBXVariantGroup;
			children = (
				CEECC10626C29E3400157498 /* Base */,
			);
			name = Main.storyboard;
			sourceTree = "<group>";
		};
		CEECC10A26C29E3900157498 /* LaunchScreen.storyboard */ = {
			isa = PBXVariantGroup;
			children = (
				CEECC10B26C29E3900157498 /* Base */,
			);
			name = LaunchScreen.storyboard;
			sourceTree = "<group>";
		};
/* End PBXVariantGroup section */

/* Begin XCBuildConfiguration section */
		CEECC10E26C29E3900157498 /* Debug */ = {
			isa = XCBuildConfiguration;
			buildSettings = {
				ALWAYS_SEARCH_USER_PATHS = NO;
				CLANG_ANALYZER_NONNULL = YES;
				CLANG_ANALYZER_NUMBER_OBJECT_CONVERSION = YES_AGGRESSIVE;
				CLANG_CXX_LANGUAGE_STANDARD = "gnu++14";
				CLANG_CXX_LIBRARY = "libc++";
				CLANG_ENABLE_MODULES = YES;
				CLANG_ENABLE_OBJC_ARC = YES;
				CLANG_ENABLE_OBJC_WEAK = YES;
				CLANG_WARN_BLOCK_CAPTURE_AUTORELEASING = YES;
				CLANG_WARN_BOOL_CONVERSION = YES;
				CLANG_WARN_COMMA = YES;
				CLANG_WARN_CONSTANT_CONVERSION = YES;
				CLANG_WARN_DEPRECATED_OBJC_IMPLEMENTATIONS = YES;
				CLANG_WARN_DIRECT_OBJC_ISA_USAGE = YES_ERROR;
				CLANG_WARN_DOCUMENTATION_COMMENTS = YES;
				CLANG_WARN_EMPTY_BODY = YES;
				CLANG_WARN_ENUM_CONVERSION = YES;
				CLANG_WARN_INFINITE_RECURSION = YES;
				CLANG_WARN_INT_CONVERSION = YES;
				CLANG_WARN_NON_LITERAL_NULL_CONVERSION = YES;
				CLANG_WARN_OBJC_IMPLICIT_RETAIN_SELF = YES;
				CLANG_WARN_OBJC_LITERAL_CONVERSION = YES;
				CLANG_WARN_OBJC_ROOT_CLASS = YES_ERROR;
				CLANG_WARN_QUOTED_INCLUDE_IN_FRAMEWORK_HEADER = YES;
				CLANG_WARN_RANGE_LOOP_ANALYSIS = YES;
				CLANG_WARN_STRICT_PROTOTYPES = YES;
				CLANG_WARN_SUSPICIOUS_MOVE = YES;
				CLANG_WARN_UNGUARDED_AVAILABILITY = YES_AGGRESSIVE;
				CLANG_WARN_UNREACHABLE_CODE = YES;
				CLANG_WARN__DUPLICATE_METHOD_MATCH = YES;
				COPY_PHASE_STRIP = NO;
				DEBUG_INFORMATION_FORMAT = dwarf;
				ENABLE_STRICT_OBJC_MSGSEND = YES;
				ENABLE_TESTABILITY = YES;
				GCC_C_LANGUAGE_STANDARD = gnu11;
				GCC_DYNAMIC_NO_PIC = NO;
				GCC_NO_COMMON_BLOCKS = YES;
				GCC_OPTIMIZATION_LEVEL = 0;
				GCC_PREPROCESSOR_DEFINITIONS = (
					"DEBUG=1",
					"$(inherited)",
				);
				GCC_WARN_64_TO_32_BIT_CONVERSION = YES;
				GCC_WARN_ABOUT_RETURN_TYPE = YES_ERROR;
				GCC_WARN_UNDECLARED_SELECTOR = YES;
				GCC_WARN_UNINITIALIZED_AUTOS = YES_AGGRESSIVE;
				GCC_WARN_UNUSED_FUNCTION = YES;
				GCC_WARN_UNUSED_VARIABLE = YES;
				IPHONEOS_DEPLOYMENT_TARGET = 14.5;
				MTL_ENABLE_DEBUG_INFO = INCLUDE_SOURCE;
				MTL_FAST_MATH = YES;
				ONLY_ACTIVE_ARCH = YES;
				SDKROOT = iphoneos;
				SWIFT_ACTIVE_COMPILATION_CONDITIONS = DEBUG;
				SWIFT_OPTIMIZATION_LEVEL = "-Onone";
			};
			name = Debug;
		};
		CEECC10F26C29E3900157498 /* Release */ = {
			isa = XCBuildConfiguration;
			buildSettings = {
				ALWAYS_SEARCH_USER_PATHS = NO;
				CLANG_ANALYZER_NONNULL = YES;
				CLANG_ANALYZER_NUMBER_OBJECT_CONVERSION = YES_AGGRESSIVE;
				CLANG_CXX_LANGUAGE_STANDARD = "gnu++14";
				CLANG_CXX_LIBRARY = "libc++";
				CLANG_ENABLE_MODULES = YES;
				CLANG_ENABLE_OBJC_ARC = YES;
				CLANG_ENABLE_OBJC_WEAK = YES;
				CLANG_WARN_BLOCK_CAPTURE_AUTORELEASING = YES;
				CLANG_WARN_BOOL_CONVERSION = YES;
				CLANG_WARN_COMMA = YES;
				CLANG_WARN_CONSTANT_CONVERSION = YES;
				CLANG_WARN_DEPRECATED_OBJC_IMPLEMENTATIONS = YES;
				CLANG_WARN_DIRECT_OBJC_ISA_USAGE = YES_ERROR;
				CLANG_WARN_DOCUMENTATION_COMMENTS = YES;
				CLANG_WARN_EMPTY_BODY = YES;
				CLANG_WARN_ENUM_CONVERSION = YES;
				CLANG_WARN_INFINITE_RECURSION = YES;
				CLANG_WARN_INT_CONVERSION = YES;
				CLANG_WARN_NON_LITERAL_NULL_CONVERSION = YES;
				CLANG_WARN_OBJC_IMPLICIT_RETAIN_SELF = YES;
				CLANG_WARN_OBJC_LITERAL_CONVERSION = YES;
				CLANG_WARN_OBJC_ROOT_CLASS = YES_ERROR;
				CLANG_WARN_QUOTED_INCLUDE_IN_FRAMEWORK_HEADER = YES;
				CLANG_WARN_RANGE_LOOP_ANALYSIS = YES;
				CLANG_WARN_STRICT_PROTOTYPES = YES;
				CLANG_WARN_SUSPICIOUS_MOVE = YES;
				CLANG_WARN_UNGUARDED_AVAILABILITY = YES_AGGRESSIVE;
				CLANG_WARN_UNREACHABLE_CODE = YES;
				CLANG_WARN__DUPLICATE_METHOD_MATCH = YES;
				COPY_PHASE_STRIP = NO;
				DEBUG_INFORMATION_FORMAT = "dwarf-with-dsym";
				ENABLE_NS_ASSERTIONS = NO;
				ENABLE_STRICT_OBJC_MSGSEND = YES;
				GCC_C_LANGUAGE_STANDARD = gnu11;
				GCC_NO_COMMON_BLOCKS = YES;
				GCC_WARN_64_TO_32_BIT_CONVERSION = YES;
				GCC_WARN_ABOUT_RETURN_TYPE = YES_ERROR;
				GCC_WARN_UNDECLARED_SELECTOR = YES;
				GCC_WARN_UNINITIALIZED_AUTOS = YES_AGGRESSIVE;
				GCC_WARN_UNUSED_FUNCTION = YES;
				GCC_WARN_UNUSED_VARIABLE = YES;
				IPHONEOS_DEPLOYMENT_TARGET = 14.5;
				MTL_ENABLE_DEBUG_INFO = NO;
				MTL_FAST_MATH = YES;
				SDKROOT = iphoneos;
				SWIFT_COMPILATION_MODE = wholemodule;
				SWIFT_OPTIMIZATION_LEVEL = "-O";
				VALIDATE_PRODUCT = YES;
			};
			name = Release;
		};
		CEECC11126C29E3900157498 /* Debug */ = {
			isa = XCBuildConfiguration;
			baseConfigurationReference = 799F63C3BFEBF4B263770AD0 /* Pods-RxSwiftNews.debug.xcconfig */;
			buildSettings = {
				ASSETCATALOG_COMPILER_APPICON_NAME = AppIcon;
				ASSETCATALOG_COMPILER_GLOBAL_ACCENT_COLOR_NAME = AccentColor;
				CODE_SIGN_STYLE = Automatic;
				DEVELOPMENT_TEAM = 3M26XCRN2K;
				INFOPLIST_FILE = RxSwiftNews/Info.plist;
				LD_RUNPATH_SEARCH_PATHS = (
					"$(inherited)",
					"@executable_path/Frameworks",
				);
				PRODUCT_BUNDLE_IDENTIFIER = com.test.RxSwiftNews;
				PRODUCT_NAME = "$(TARGET_NAME)";
				SWIFT_VERSION = 5.0;
				TARGETED_DEVICE_FAMILY = "1,2";
			};
			name = Debug;
		};
		CEECC11226C29E3900157498 /* Release */ = {
			isa = XCBuildConfiguration;
			baseConfigurationReference = 84164E46B141816AEA0F9BCC /* Pods-RxSwiftNews.release.xcconfig */;
			buildSettings = {
				ASSETCATALOG_COMPILER_APPICON_NAME = AppIcon;
				ASSETCATALOG_COMPILER_GLOBAL_ACCENT_COLOR_NAME = AccentColor;
				CODE_SIGN_STYLE = Automatic;
				DEVELOPMENT_TEAM = 3M26XCRN2K;
				INFOPLIST_FILE = RxSwiftNews/Info.plist;
				LD_RUNPATH_SEARCH_PATHS = (
					"$(inherited)",
					"@executable_path/Frameworks",
				);
				PRODUCT_BUNDLE_IDENTIFIER = com.test.RxSwiftNews;
				PRODUCT_NAME = "$(TARGET_NAME)";
				SWIFT_VERSION = 5.0;
				TARGETED_DEVICE_FAMILY = "1,2";
			};
			name = Release;
		};
/* End XCBuildConfiguration section */

/* Begin XCConfigurationList section */
		CEECC0F726C29E3400157498 /* Build configuration list for PBXProject "RxSwiftNews" */ = {
			isa = XCConfigurationList;
			buildConfigurations = (
				CEECC10E26C29E3900157498 /* Debug */,
				CEECC10F26C29E3900157498 /* Release */,
			);
			defaultConfigurationIsVisible = 0;
			defaultConfigurationName = Release;
		};
		CEECC11026C29E3900157498 /* Build configuration list for PBXNativeTarget "RxSwiftNews" */ = {
			isa = XCConfigurationList;
			buildConfigurations = (
				CEECC11126C29E3900157498 /* Debug */,
				CEECC11226C29E3900157498 /* Release */,
			);
			defaultConfigurationIsVisible = 0;
			defaultConfigurationName = Release;
		};
/* End XCConfigurationList section */
	};
	rootObject = CEECC0F426C29E3400157498 /* Project object */;
}
